
Microsoft Visual Studio Solution File, Format Version 12.00
# Visual Studio Version 17
VisualStudioVersion = 17.11.35312.102
MinimumVisualStudioVersion = 10.0.40219.1
Project("{FAE04EC0-301F-11D3-BF4B-00C04F79EFBC}") = "OrderServiceApp", "OrderServiceApp\OrderServiceApp.csproj", "{48E79617-D310-4EB6-B518-4A749B29EF78}"
EndProject
Global
	GlobalSection(SolutionConfigurationPlatforms) = preSolution
		Debug|Any CPU = Debug|Any CPU
		Release|Any CPU = Release|Any CPU
	EndGlobalSection
	GlobalSection(ProjectConfigurationPlatforms) = postSolution
		{48E79617-D310-4EB6-B518-4A749B29EF78}.Debug|Any CPU.ActiveCfg = Debug|Any CPU
		{48E79617-D310-4EB6-B518-4A749B29EF78}.Debug|Any CPU.Build.0 = Debug|Any CPU
		{48E79617-D310-4EB6-B518-4A749B29EF78}.Release|Any CPU.ActiveCfg = Release|Any CPU
		{48E79617-D310-4EB6-B518-4A749B29EF78}.Release|Any CPU.Build.0 = Release|Any CPU
	EndGlobalSection
	GlobalSection(SolutionProperties) = preSolution
		HideSolutionNode = FALSE
	EndGlobalSection
	GlobalSection(ExtensibilityGlobals) = postSolution
		SolutionGuid = {60FF77ED-2C87-41AD-8DD7-CC8893381D34}
	EndGlobalSection
EndGlobal
